{
  "name": "@equinor/fusion-framework-docs",
  "version": "0.0.1",
  "lockfileVersion": 3,
  "requires": true,
  "packages": {
    "": {
      "name": "@equinor/fusion-framework-docs",
      "version": "0.0.1",
      "license": "MIT",
      "devDependencies": {
        "@vuepress/client": "^2.0.0-beta.66",
        "@vuepress/plugin-register-components": "^2.0.0-beta.66",
        "@vuepress/utils": "2.0.0-beta.66",
        "typescript": "^5.1.6",
        "vue": "^3.3.4",
        "vuepress": "^2.0.0-beta.66",
        "vuepress-theme-hope": "^2.0.0-beta.233"
      }
    },
    "../node_modules/.pnpm/@vuepress+plugin-register-components@2.0.0-beta.66/node_modules/@vuepress/plugin-register-components": {
      "version": "2.0.0-beta.66",
      "dev": true,
      "license": "MIT",
      "dependencies": {
        "@vuepress/core": "2.0.0-beta.66",
        "@vuepress/utils": "2.0.0-beta.66",
        "chokidar": "^3.5.3"
      }
    },
    "../node_modules/.pnpm/@vuepress+utils@2.0.0-beta.66/node_modules/@vuepress/utils": {
      "version": "2.0.0-beta.66",
      "dev": true,
      "license": "MIT",
      "dependencies": {
        "@types/debug": "^4.1.8",
        "@types/fs-extra": "^11.0.1",
        "@types/hash-sum": "^1.0.0",
        "@vuepress/shared": "2.0.0-beta.66",
        "debug": "^4.3.4",
        "fs-extra": "^11.1.1",
        "globby": "^13.2.2",
        "hash-sum": "^2.0.0",
        "ora": "^6.3.1",
        "picocolors": "^1.0.0",
        "upath": "^2.0.1"
      }
    },
    "../node_modules/.pnpm/typescript@5.1.6/node_modules/typescript": {
      "version": "5.1.6",
      "dev": true,
      "license": "Apache-2.0",
      "bin": {
        "tsc": "bin/tsc",
        "tsserver": "bin/tsserver"
      },
      "devDependencies": {
        "@esfx/canceltoken": "^1.0.0",
        "@octokit/rest": "latest",
        "@types/chai": "^4.3.4",
        "@types/fs-extra": "^9.0.13",
        "@types/glob": "^8.1.0",
        "@types/microsoft__typescript-etw": "^0.1.1",
        "@types/minimist": "^1.2.2",
        "@types/mocha": "^10.0.1",
        "@types/ms": "^0.7.31",
        "@types/node": "latest",
        "@types/source-map-support": "^0.5.6",
        "@types/which": "^2.0.1",
        "@typescript-eslint/eslint-plugin": "^5.33.1",
        "@typescript-eslint/parser": "^5.33.1",
        "@typescript-eslint/utils": "^5.33.1",
        "azure-devops-node-api": "^12.0.0",
        "chai": "^4.3.7",
        "chalk": "^4.1.2",
        "chokidar": "^3.5.3",
        "del": "^6.1.1",
        "diff": "^5.1.0",
        "esbuild": "^0.17.2",
        "eslint": "^8.22.0",
        "eslint-formatter-autolinkable-stylish": "^1.2.0",
        "eslint-plugin-import": "^2.26.0",
        "eslint-plugin-local": "^1.0.0",
        "eslint-plugin-no-null": "^1.0.2",
        "eslint-plugin-simple-import-sort": "^10.0.0",
        "fast-xml-parser": "^4.0.11",
        "fs-extra": "^9.1.0",
        "glob": "^8.1.0",
        "hereby": "^1.6.4",
        "jsonc-parser": "^3.2.0",
        "minimist": "^1.2.8",
        "mocha": "^10.2.0",
        "mocha-fivemat-progress-reporter": "^0.1.0",
        "ms": "^2.1.3",
        "node-fetch": "^3.2.10",
        "source-map-support": "^0.5.21",
        "tslib": "^2.5.0",
        "typescript": "^5.0.2",
        "which": "^2.0.2"
      },
      "engines": {
        "node": ">=14.17"
      }
    },
    "../node_modules/.pnpm/vue@3.3.4/node_modules/vue": {
      "version": "3.3.4",
      "dev": true,
      "license": "MIT",
      "dependencies": {
        "@vue/compiler-dom": "3.3.4",
        "@vue/compiler-sfc": "3.3.4",
        "@vue/runtime-dom": "3.3.4",
        "@vue/server-renderer": "3.3.4",
        "@vue/shared": "3.3.4"
      }
    },
    "../node_modules/.pnpm/vuepress-theme-hope@2.0.0-beta.233_vuepress@2.0.0-beta.66/node_modules/vuepress-theme-hope": {
      "version": "2.0.0-beta.233",
      "dev": true,
      "license": "MIT",
      "dependencies": {
        "@vuepress/cli": "2.0.0-beta.66",
        "@vuepress/client": "2.0.0-beta.66",
        "@vuepress/core": "2.0.0-beta.66",
        "@vuepress/plugin-active-header-links": "2.0.0-beta.66",
        "@vuepress/plugin-container": "2.0.0-beta.66",
        "@vuepress/plugin-external-link-icon": "2.0.0-beta.66",
        "@vuepress/plugin-git": "2.0.0-beta.66",
        "@vuepress/plugin-nprogress": "2.0.0-beta.66",
        "@vuepress/plugin-prismjs": "2.0.0-beta.66",
        "@vuepress/plugin-theme-data": "2.0.0-beta.66",
        "@vuepress/shared": "2.0.0-beta.66",
        "@vuepress/utils": "2.0.0-beta.66",
        "@vueuse/core": "^10.2.1",
        "balloon-css": "^1.2.0",
        "bcrypt-ts": "^4.0.0",
        "cheerio": "1.0.0-rc.12",
        "chokidar": "^3.5.3",
        "gray-matter": "^4.0.3",
        "vue": "^3.3.4",
        "vue-router": "^4.2.4",
        "vuepress-plugin-auto-catalog": "2.0.0-beta.233",
        "vuepress-plugin-blog2": "2.0.0-beta.233",
        "vuepress-plugin-comment2": "2.0.0-beta.233",
        "vuepress-plugin-components": "2.0.0-beta.233",
        "vuepress-plugin-copy-code2": "2.0.0-beta.233",
        "vuepress-plugin-copyright2": "2.0.0-beta.233",
        "vuepress-plugin-feed2": "2.0.0-beta.233",
        "vuepress-plugin-md-enhance": "2.0.0-beta.233",
        "vuepress-plugin-photo-swipe": "2.0.0-beta.233",
        "vuepress-plugin-pwa2": "2.0.0-beta.233",
        "vuepress-plugin-reading-time2": "2.0.0-beta.233",
        "vuepress-plugin-rtl": "2.0.0-beta.233",
        "vuepress-plugin-sass-palette": "2.0.0-beta.233",
        "vuepress-plugin-seo2": "2.0.0-beta.233",
        "vuepress-plugin-sitemap2": "2.0.0-beta.233",
        "vuepress-shared": "2.0.0-beta.233"
      },
      "devDependencies": {
        "@vuepress/bundler-vite": "2.0.0-beta.66",
        "@vuepress/bundler-webpack": "2.0.0-beta.66",
        "@vuepress/markdown": "2.0.0-beta.66"
      },
      "engines": {
        "node": ">=16.19.0",
        "npm": ">=8",
        "pnpm": ">=7"
      },
      "peerDependencies": {
        "sass-loader": "^13.3.2",
        "vuepress": "2.0.0-beta.66",
        "vuepress-vite": "2.0.0-beta.66",
        "vuepress-webpack": "2.0.0-beta.66"
      },
      "peerDependenciesMeta": {
        "sass-loader": {
          "optional": true
        },
        "vuepress": {
          "optional": true
        },
        "vuepress-vite": {
          "optional": true
        },
        "vuepress-webpack": {
          "optional": true
        }
      }
    },
    "../node_modules/.pnpm/vuepress@2.0.0-beta.66_@types+node@20.4.7_@vuepress+client@2.0.0-beta.66_ts-node@10.9.1_vue@3.3.4/node_modules/vuepress": {
      "version": "2.0.0-beta.66",
      "dev": true,
      "license": "MIT",
      "dependencies": {
        "vuepress-vite": "2.0.0-beta.66"
      },
      "bin": {
        "vuepress": "bin/vuepress.js"
      },
      "engines": {
        "node": ">=16.19.0"
      }
    },
    "node_modules/@mdit-vue/types": {
      "version": "0.12.0",
      "resolved": "https://registry.npmjs.org/@mdit-vue/types/-/types-0.12.0.tgz",
      "integrity": "sha512-mrC4y8n88BYvgcgzq9bvTlDgFyi2zuvzmPilRvRc3Uz1iIvq8mDhxJ0rHKFUNzPEScpDvJdIujqiDrulMqiudA==",
      "dev": true
    },
    "node_modules/@types/web-bluetooth": {
      "version": "0.0.17",
      "resolved": "https://registry.npmjs.org/@types/web-bluetooth/-/web-bluetooth-0.0.17.tgz",
      "integrity": "sha512-4p9vcSmxAayx72yn70joFoL44c9MO/0+iVEBIQXe3v2h2SiAsEIo/G5v6ObFWvNKRFjbrVadNf9LqEEZeQPzdA==",
      "dev": true
    },
    "node_modules/@vue/devtools-api": {
      "version": "6.5.0",
      "resolved": "https://registry.npmjs.org/@vue/devtools-api/-/devtools-api-6.5.0.tgz",
      "integrity": "sha512-o9KfBeaBmCKl10usN4crU53fYtC1r7jJwdGKjPT24t348rHxgfpZ0xL3Xm/gLUYnc0oTp8LAmrxOeLyu6tbk2Q==",
      "dev": true
    },
    "node_modules/@vue/shared": {
      "version": "3.3.4",
      "resolved": "https://registry.npmjs.org/@vue/shared/-/shared-3.3.4.tgz",
      "integrity": "sha512-7OjdcV8vQ74eiz1TZLzZP4JwqM5fA94K6yntPS5Z25r9HDuGNzaGdgvwKYq6S+MxwF0TFRwe50fIR/MYnakdkQ==",
      "dev": true
    },
    "node_modules/@vuepress/client": {
      "version": "2.0.0-beta.66",
      "resolved": "https://registry.npmjs.org/@vuepress/client/-/client-2.0.0-beta.66.tgz",
      "integrity": "sha512-WjrL1u0NOVUwiGoVOIfQqSU7SwzJUkyBFu3xiZoNmWFD9VdPIfuSRvVeZDhr+br/0tA7XrJd2ueSEDt5+BM3Qg==",
      "dev": true,
      "dependencies": {
        "@vue/devtools-api": "^6.5.0",
        "@vuepress/shared": "2.0.0-beta.66",
        "@vueuse/core": "^10.2.1",
        "vue": "^3.3.4",
        "vue-router": "^4.2.4"
      }
    },
    "node_modules/@vuepress/plugin-register-components": {
      "resolved": "../node_modules/.pnpm/@vuepress+plugin-register-components@2.0.0-beta.66/node_modules/@vuepress/plugin-register-components",
      "link": true
    },
    "node_modules/@vuepress/shared": {
      "version": "2.0.0-beta.66",
      "resolved": "https://registry.npmjs.org/@vuepress/shared/-/shared-2.0.0-beta.66.tgz",
      "integrity": "sha512-hMnFFHee6xLYVcSdpbKddcqunrOxIp2/B1gOGorcF5bZfnhJJWWsdZ//kwemAqlB8d10Z7f3x+b69Ur1LDPThw==",
      "dev": true,
      "dependencies": {
        "@mdit-vue/types": "^0.12.0",
        "@vue/shared": "^3.3.4"
      }
    },
    "node_modules/@vuepress/utils": {
      "resolved": "../node_modules/.pnpm/@vuepress+utils@2.0.0-beta.66/node_modules/@vuepress/utils",
      "link": true
    },
    "node_modules/@vueuse/core": {
      "version": "10.3.0",
      "resolved": "https://registry.npmjs.org/@vueuse/core/-/core-10.3.0.tgz",
      "integrity": "sha512-BEM5yxcFKb5btFjTSAFjTu5jmwoW66fyV9uJIP4wUXXU8aR5Hl44gndaaXp7dC5HSObmgbnR2RN+Un1p68Mf5Q==",
      "dev": true,
      "dependencies": {
        "@types/web-bluetooth": "^0.0.17",
        "@vueuse/metadata": "10.3.0",
        "@vueuse/shared": "10.3.0",
        "vue-demi": ">=0.14.5"
      },
      "funding": {
        "url": "https://github.com/sponsors/antfu"
      }
    },
    "node_modules/@vueuse/metadata": {
      "version": "10.3.0",
      "resolved": "https://registry.npmjs.org/@vueuse/metadata/-/metadata-10.3.0.tgz",
      "integrity": "sha512-Ema3YhNOa4swDsV0V7CEY5JXvK19JI/o1szFO1iWxdFg3vhdFtCtSTP26PCvbUpnUtNHBY2wx5y3WDXND5Pvnw==",
      "dev": true,
      "funding": {
        "url": "https://github.com/sponsors/antfu"
      }
    },
    "node_modules/@vueuse/shared": {
      "version": "10.3.0",
      "resolved": "https://registry.npmjs.org/@vueuse/shared/-/shared-10.3.0.tgz",
      "integrity": "sha512-kGqCTEuFPMK4+fNWy6dUOiYmxGcUbtznMwBZLC1PubidF4VZY05B+Oht7Jh7/6x4VOWGpvu3R37WHi81cKpiqg==",
      "dev": true,
      "dependencies": {
        "vue-demi": ">=0.14.5"
      },
      "funding": {
        "url": "https://github.com/sponsors/antfu"
      }
    },
    "node_modules/typescript": {
      "resolved": "../node_modules/.pnpm/typescript@5.1.6/node_modules/typescript",
      "link": true
    },
    "node_modules/vue": {
      "resolved": "../node_modules/.pnpm/vue@3.3.4/node_modules/vue",
      "link": true
    },
    "node_modules/vue-demi": {
      "version": "0.14.5",
      "resolved": "https://registry.npmjs.org/vue-demi/-/vue-demi-0.14.5.tgz",
      "integrity": "sha512-o9NUVpl/YlsGJ7t+xuqJKx8EBGf1quRhCiT6D/J0pfwmk9zUwYkC7yrF4SZCe6fETvSM3UNL2edcbYrSyc4QHA==",
      "dev": true,
      "hasInstallScript": true,
      "bin": {
        "vue-demi-fix": "bin/vue-demi-fix.js",
        "vue-demi-switch": "bin/vue-demi-switch.js"
      },
      "engines": {
        "node": ">=12"
      },
      "funding": {
        "url": "https://github.com/sponsors/antfu"
      },
      "peerDependencies": {
        "@vue/composition-api": "^1.0.0-rc.1",
        "vue": "^3.0.0-0 || ^2.6.0"
      },
      "peerDependenciesMeta": {
        "@vue/composition-api": {
          "optional": true
        }
      }
    },
    "node_modules/vue-router": {
      "version": "4.2.4",
      "resolved": "https://registry.npmjs.org/vue-router/-/vue-router-4.2.4.tgz",
      "integrity": "sha512-9PISkmaCO02OzPVOMq2w82ilty6+xJmQrarYZDkjZBfl4RvYAlt4PKnEX21oW4KTtWfa9OuO/b3qk1Od3AEdCQ==",
      "dev": true,
      "dependencies": {
        "@vue/devtools-api": "^6.5.0"
      },
      "funding": {
        "url": "https://github.com/sponsors/posva"
      },
      "peerDependencies": {
        "vue": "^3.2.0"
      }
    },
    "node_modules/vuepress": {
      "resolved": "../node_modules/.pnpm/vuepress@2.0.0-beta.66_@types+node@20.4.7_@vuepress+client@2.0.0-beta.66_ts-node@10.9.1_vue@3.3.4/node_modules/vuepress",
      "link": true
    },
    "node_modules/vuepress-theme-hope": {
      "resolved": "../node_modules/.pnpm/vuepress-theme-hope@2.0.0-beta.233_vuepress@2.0.0-beta.66/node_modules/vuepress-theme-hope",
      "link": true
    }
  }
}
